
Microsoft Visual Studio Solution File, Format Version 12.00
# Visual Studio Version 17
VisualStudioVersion = 17.8.34601.278
MinimumVisualStudioVersion = 10.0.40219.1
Project("{FAE04EC0-301F-11D3-BF4B-00C04F79EFBC}") = "Flowchart  Program", "Flowchart  Program\Flowchart  Program.csproj", "{39D54425-CEBD-4BDB-987B-2E1BEF7DC039}"
EndProject
Global
	GlobalSection(SolutionConfigurationPlatforms) = preSolution
		Debug|Any CPU = Debug|Any CPU
		Release|Any CPU = Release|Any CPU
	EndGlobalSection
	GlobalSection(ProjectConfigurationPlatforms) = postSolution
		{39D54425-CEBD-4BDB-987B-2E1BEF7DC039}.Debug|Any CPU.ActiveCfg = Debug|Any CPU
		{39D54425-CEBD-4BDB-987B-2E1BEF7DC039}.Debug|Any CPU.Build.0 = Debug|Any CPU
		{39D54425-CEBD-4BDB-987B-2E1BEF7DC039}.Release|Any CPU.ActiveCfg = Release|Any CPU
		{39D54425-CEBD-4BDB-987B-2E1BEF7DC039}.Release|Any CPU.Build.0 = Release|Any CPU
	EndGlobalSection
	GlobalSection(SolutionProperties) = preSolution
		HideSolutionNode = FALSE
	EndGlobalSection
	GlobalSection(ExtensibilityGlobals) = postSolution
		SolutionGuid = {F1B06EEA-F1EF-4E60-A214-27B63B02CB96}
	EndGlobalSection
EndGlobal
